{
  "name": "supply-chain-rp",
  "version": "1.0.0",
  "lockfileVersion": 3,
  "requires": true,
  "packages": {
    "": {
      "name": "supply-chain-rp",
      "version": "1.0.0",
      "license": "ISC",
      "dependencies": {
        "workflow-database": "^1.0.1"
      }
    },
    "node_modules/workflow-data": {
      "version": "1.0.2",
      "resolved": "https://registry.npmjs.org/workflow-data/-/workflow-data-1.0.2.tgz",
      "integrity": "sha512-dWs2Q266xyhxBW5OdX7UT2gJ/n0uBxa3iP30/rWnewXv0dS5OXYqlZPKlr40Yl+oKR7RE7sOaHmHuU0z9M8QtQ==",
      "license": "ISC"
    },
    "node_modules/workflow-database": {
      "version": "1.0.1",
      "resolved": "https://registry.npmjs.org/workflow-database/-/workflow-database-1.0.1.tgz",
      "integrity": "sha512-9v9IKOGl1MAVa8ayiZJINv17v7wD4hXI0bvKckmZuqhA8W6l8YLbJe8YtNk1Kzgi5rOZXB+97P0DmNRto9DwTA==",
      "license": "ISC",
      "dependencies": {
        "workflow-data": "^1.0.1"
      }
    }
  }
}
